
Microsoft Visual Studio Solution File, Format Version 12.00
# Visual Studio 15
VisualStudioVersion = 15.0.26124.0
MinimumVisualStudioVersion = 15.0.26124.0
Project("{FAE04EC0-301F-11D3-BF4B-00C04F79EFBC}") = "Test", "Test\Test.csproj", "{6070C5CE-579E-4424-9551-1D366DE2268A}"
EndProject
Project("{2150E333-8FDC-42A3-9474-1A3956D46DE8}") = "lib", "lib", "{F353B05A-1EDB-44E8-8D0D-F02C4082AF06}"
EndProject
Project("{FAE04EC0-301F-11D3-BF4B-00C04F79EFBC}") = "Structures", "lib\Structures\Structures.csproj", "{9AA5FFCC-C867-46CA-A68D-8704760B2AD8}"
EndProject
Project("{2150E333-8FDC-42A3-9474-1A3956D46DE8}") = "Test", "Test", "{D5972AE3-EF8A-4BD3-96DB-F019F3A28B8E}"
EndProject
Project("{FAE04EC0-301F-11D3-BF4B-00C04F79EFBC}") = "Structures.Test", "lib\Test\Structures\Structures.Test.csproj", "{75F15771-4F32-4E1E-B8C0-55421C9D3D77}"
EndProject
Project("{2150E333-8FDC-42A3-9474-1A3956D46DE8}") = "Scenarios", "Scenarios", "{8799AAC9-4DD0-427A-8B9C-346FDDCB0098}"
EndProject
Project("{FAE04EC0-301F-11D3-BF4B-00C04F79EFBC}") = "Scenarios.PriorityQueue", "lib\Scenarios\PriorityQueue\Scenarios.PriorityQueue.csproj", "{E3D39D61-BBE5-474B-9364-6CA39894C20D}"
EndProject
Project("{FAE04EC0-301F-11D3-BF4B-00C04F79EFBC}") = "Scenarios.Treap", "lib\Scenarios\Treap\Scenarios.Treap.csproj", "{2E5F7D8B-8429-464E-B68E-96AD00CD42B8}"
EndProject
Global
	GlobalSection(SolutionConfigurationPlatforms) = preSolution
		Debug|Any CPU = Debug|Any CPU
		Debug|x64 = Debug|x64
		Debug|x86 = Debug|x86
		Release|Any CPU = Release|Any CPU
		Release|x64 = Release|x64
		Release|x86 = Release|x86
	EndGlobalSection
	GlobalSection(SolutionProperties) = preSolution
		HideSolutionNode = FALSE
	EndGlobalSection
	GlobalSection(ProjectConfigurationPlatforms) = postSolution
		{6070C5CE-579E-4424-9551-1D366DE2268A}.Debug|Any CPU.ActiveCfg = Debug|Any CPU
		{6070C5CE-579E-4424-9551-1D366DE2268A}.Debug|Any CPU.Build.0 = Debug|Any CPU
		{6070C5CE-579E-4424-9551-1D366DE2268A}.Debug|x64.ActiveCfg = Debug|Any CPU
		{6070C5CE-579E-4424-9551-1D366DE2268A}.Debug|x64.Build.0 = Debug|Any CPU
		{6070C5CE-579E-4424-9551-1D366DE2268A}.Debug|x86.ActiveCfg = Debug|Any CPU
		{6070C5CE-579E-4424-9551-1D366DE2268A}.Debug|x86.Build.0 = Debug|Any CPU
		{6070C5CE-579E-4424-9551-1D366DE2268A}.Release|Any CPU.ActiveCfg = Release|Any CPU
		{6070C5CE-579E-4424-9551-1D366DE2268A}.Release|Any CPU.Build.0 = Release|Any CPU
		{6070C5CE-579E-4424-9551-1D366DE2268A}.Release|x64.ActiveCfg = Release|Any CPU
		{6070C5CE-579E-4424-9551-1D366DE2268A}.Release|x64.Build.0 = Release|Any CPU
		{6070C5CE-579E-4424-9551-1D366DE2268A}.Release|x86.ActiveCfg = Release|Any CPU
		{6070C5CE-579E-4424-9551-1D366DE2268A}.Release|x86.Build.0 = Release|Any CPU
		{9AA5FFCC-C867-46CA-A68D-8704760B2AD8}.Debug|Any CPU.ActiveCfg = Debug|Any CPU
		{9AA5FFCC-C867-46CA-A68D-8704760B2AD8}.Debug|Any CPU.Build.0 = Debug|Any CPU
		{9AA5FFCC-C867-46CA-A68D-8704760B2AD8}.Debug|x64.ActiveCfg = Debug|Any CPU
		{9AA5FFCC-C867-46CA-A68D-8704760B2AD8}.Debug|x64.Build.0 = Debug|Any CPU
		{9AA5FFCC-C867-46CA-A68D-8704760B2AD8}.Debug|x86.ActiveCfg = Debug|Any CPU
		{9AA5FFCC-C867-46CA-A68D-8704760B2AD8}.Debug|x86.Build.0 = Debug|Any CPU
		{9AA5FFCC-C867-46CA-A68D-8704760B2AD8}.Release|Any CPU.ActiveCfg = Release|Any CPU
		{9AA5FFCC-C867-46CA-A68D-8704760B2AD8}.Release|Any CPU.Build.0 = Release|Any CPU
		{9AA5FFCC-C867-46CA-A68D-8704760B2AD8}.Release|x64.ActiveCfg = Release|Any CPU
		{9AA5FFCC-C867-46CA-A68D-8704760B2AD8}.Release|x64.Build.0 = Release|Any CPU
		{9AA5FFCC-C867-46CA-A68D-8704760B2AD8}.Release|x86.ActiveCfg = Release|Any CPU
		{9AA5FFCC-C867-46CA-A68D-8704760B2AD8}.Release|x86.Build.0 = Release|Any CPU
		{75F15771-4F32-4E1E-B8C0-55421C9D3D77}.Debug|Any CPU.ActiveCfg = Debug|Any CPU
		{75F15771-4F32-4E1E-B8C0-55421C9D3D77}.Debug|Any CPU.Build.0 = Debug|Any CPU
		{75F15771-4F32-4E1E-B8C0-55421C9D3D77}.Debug|x64.ActiveCfg = Debug|Any CPU
		{75F15771-4F32-4E1E-B8C0-55421C9D3D77}.Debug|x64.Build.0 = Debug|Any CPU
		{75F15771-4F32-4E1E-B8C0-55421C9D3D77}.Debug|x86.ActiveCfg = Debug|Any CPU
		{75F15771-4F32-4E1E-B8C0-55421C9D3D77}.Debug|x86.Build.0 = Debug|Any CPU
		{75F15771-4F32-4E1E-B8C0-55421C9D3D77}.Release|Any CPU.ActiveCfg = Release|Any CPU
		{75F15771-4F32-4E1E-B8C0-55421C9D3D77}.Release|Any CPU.Build.0 = Release|Any CPU
		{75F15771-4F32-4E1E-B8C0-55421C9D3D77}.Release|x64.ActiveCfg = Release|Any CPU
		{75F15771-4F32-4E1E-B8C0-55421C9D3D77}.Release|x64.Build.0 = Release|Any CPU
		{75F15771-4F32-4E1E-B8C0-55421C9D3D77}.Release|x86.ActiveCfg = Release|Any CPU
		{75F15771-4F32-4E1E-B8C0-55421C9D3D77}.Release|x86.Build.0 = Release|Any CPU
		{E3D39D61-BBE5-474B-9364-6CA39894C20D}.Debug|Any CPU.ActiveCfg = Debug|Any CPU
		{E3D39D61-BBE5-474B-9364-6CA39894C20D}.Debug|Any CPU.Build.0 = Debug|Any CPU
		{E3D39D61-BBE5-474B-9364-6CA39894C20D}.Debug|x64.ActiveCfg = Debug|Any CPU
		{E3D39D61-BBE5-474B-9364-6CA39894C20D}.Debug|x64.Build.0 = Debug|Any CPU
		{E3D39D61-BBE5-474B-9364-6CA39894C20D}.Debug|x86.ActiveCfg = Debug|Any CPU
		{E3D39D61-BBE5-474B-9364-6CA39894C20D}.Debug|x86.Build.0 = Debug|Any CPU
		{E3D39D61-BBE5-474B-9364-6CA39894C20D}.Release|Any CPU.ActiveCfg = Release|Any CPU
		{E3D39D61-BBE5-474B-9364-6CA39894C20D}.Release|Any CPU.Build.0 = Release|Any CPU
		{E3D39D61-BBE5-474B-9364-6CA39894C20D}.Release|x64.ActiveCfg = Release|Any CPU
		{E3D39D61-BBE5-474B-9364-6CA39894C20D}.Release|x64.Build.0 = Release|Any CPU
		{E3D39D61-BBE5-474B-9364-6CA39894C20D}.Release|x86.ActiveCfg = Release|Any CPU
		{E3D39D61-BBE5-474B-9364-6CA39894C20D}.Release|x86.Build.0 = Release|Any CPU
		{2E5F7D8B-8429-464E-B68E-96AD00CD42B8}.Debug|Any CPU.ActiveCfg = Debug|Any CPU
		{2E5F7D8B-8429-464E-B68E-96AD00CD42B8}.Debug|Any CPU.Build.0 = Debug|Any CPU
		{2E5F7D8B-8429-464E-B68E-96AD00CD42B8}.Debug|x64.ActiveCfg = Debug|Any CPU
		{2E5F7D8B-8429-464E-B68E-96AD00CD42B8}.Debug|x64.Build.0 = Debug|Any CPU
		{2E5F7D8B-8429-464E-B68E-96AD00CD42B8}.Debug|x86.ActiveCfg = Debug|Any CPU
		{2E5F7D8B-8429-464E-B68E-96AD00CD42B8}.Debug|x86.Build.0 = Debug|Any CPU
		{2E5F7D8B-8429-464E-B68E-96AD00CD42B8}.Release|Any CPU.ActiveCfg = Release|Any CPU
		{2E5F7D8B-8429-464E-B68E-96AD00CD42B8}.Release|Any CPU.Build.0 = Release|Any CPU
		{2E5F7D8B-8429-464E-B68E-96AD00CD42B8}.Release|x64.ActiveCfg = Release|Any CPU
		{2E5F7D8B-8429-464E-B68E-96AD00CD42B8}.Release|x64.Build.0 = Release|Any CPU
		{2E5F7D8B-8429-464E-B68E-96AD00CD42B8}.Release|x86.ActiveCfg = Release|Any CPU
		{2E5F7D8B-8429-464E-B68E-96AD00CD42B8}.Release|x86.Build.0 = Release|Any CPU
	EndGlobalSection
	GlobalSection(NestedProjects) = preSolution
		{9AA5FFCC-C867-46CA-A68D-8704760B2AD8} = {F353B05A-1EDB-44E8-8D0D-F02C4082AF06}
		{D5972AE3-EF8A-4BD3-96DB-F019F3A28B8E} = {F353B05A-1EDB-44E8-8D0D-F02C4082AF06}
		{75F15771-4F32-4E1E-B8C0-55421C9D3D77} = {D5972AE3-EF8A-4BD3-96DB-F019F3A28B8E}
		{8799AAC9-4DD0-427A-8B9C-346FDDCB0098} = {F353B05A-1EDB-44E8-8D0D-F02C4082AF06}
		{E3D39D61-BBE5-474B-9364-6CA39894C20D} = {8799AAC9-4DD0-427A-8B9C-346FDDCB0098}
		{2E5F7D8B-8429-464E-B68E-96AD00CD42B8} = {8799AAC9-4DD0-427A-8B9C-346FDDCB0098}
	EndGlobalSection
EndGlobal
